
Microsoft Visual Studio Solution File, Format Version 12.00
# Visual Studio Version 17
VisualStudioVersion = 17.12.35728.132 d17.12
MinimumVisualStudioVersion = 10.0.40219.1
Project("{FAE04EC0-301F-11D3-BF4B-00C04F79EFBC}") = "eTicaretUI", "eTicaretUI\eTicaretUI.csproj", "{086FCA5B-34E7-4B9A-9A9C-96035C22F22F}"
EndProject
Project("{FAE04EC0-301F-11D3-BF4B-00C04F79EFBC}") = "eTicaretData", "eTicaretData\eTicaretData.csproj", "{6E4CBFD6-EE4B-48B7-9945-3B23C0D763F6}"
EndProject
Project("{FAE04EC0-301F-11D3-BF4B-00C04F79EFBC}") = "eTicaretBusiness", "eTicaretBusiness\eTicaretBusiness.csproj", "{F3B99FA8-A966-4429-84C6-AE739817783E}"
EndProject
Project("{FAE04EC0-301F-11D3-BF4B-00C04F79EFBC}") = "eTicaretDal", "eTicaretDal\eTicaretDal.csproj", "{D54D6031-A472-428D-AA03-BCE7C1382B2D}"
EndProject
Global
	GlobalSection(SolutionConfigurationPlatforms) = preSolution
		Debug|Any CPU = Debug|Any CPU
		Release|Any CPU = Release|Any CPU
	EndGlobalSection
	GlobalSection(ProjectConfigurationPlatforms) = postSolution
		{086FCA5B-34E7-4B9A-9A9C-96035C22F22F}.Debug|Any CPU.ActiveCfg = Debug|Any CPU
		{086FCA5B-34E7-4B9A-9A9C-96035C22F22F}.Debug|Any CPU.Build.0 = Debug|Any CPU
		{086FCA5B-34E7-4B9A-9A9C-96035C22F22F}.Release|Any CPU.ActiveCfg = Release|Any CPU
		{086FCA5B-34E7-4B9A-9A9C-96035C22F22F}.Release|Any CPU.Build.0 = Release|Any CPU
		{6E4CBFD6-EE4B-48B7-9945-3B23C0D763F6}.Debug|Any CPU.ActiveCfg = Debug|Any CPU
		{6E4CBFD6-EE4B-48B7-9945-3B23C0D763F6}.Debug|Any CPU.Build.0 = Debug|Any CPU
		{6E4CBFD6-EE4B-48B7-9945-3B23C0D763F6}.Release|Any CPU.ActiveCfg = Release|Any CPU
		{6E4CBFD6-EE4B-48B7-9945-3B23C0D763F6}.Release|Any CPU.Build.0 = Release|Any CPU
		{F3B99FA8-A966-4429-84C6-AE739817783E}.Debug|Any CPU.ActiveCfg = Debug|Any CPU
		{F3B99FA8-A966-4429-84C6-AE739817783E}.Debug|Any CPU.Build.0 = Debug|Any CPU
		{F3B99FA8-A966-4429-84C6-AE739817783E}.Release|Any CPU.ActiveCfg = Release|Any CPU
		{F3B99FA8-A966-4429-84C6-AE739817783E}.Release|Any CPU.Build.0 = Release|Any CPU
		{D54D6031-A472-428D-AA03-BCE7C1382B2D}.Debug|Any CPU.ActiveCfg = Debug|Any CPU
		{D54D6031-A472-428D-AA03-BCE7C1382B2D}.Debug|Any CPU.Build.0 = Debug|Any CPU
		{D54D6031-A472-428D-AA03-BCE7C1382B2D}.Release|Any CPU.ActiveCfg = Release|Any CPU
		{D54D6031-A472-428D-AA03-BCE7C1382B2D}.Release|Any CPU.Build.0 = Release|Any CPU
	EndGlobalSection
	GlobalSection(SolutionProperties) = preSolution
		HideSolutionNode = FALSE
	EndGlobalSection
EndGlobal
